
Microsoft Visual Studio Solution File, Format Version 12.00
# Visual Studio Version 17
VisualStudioVersion = 17.8.34316.72
MinimumVisualStudioVersion = 10.0.40219.1
Project("{8BC9CEB8-8B4A-11D0-8D11-00A0C91BC942}") = "QueryModuleDrv", "QueryModuleDrv\QueryModuleDrv.vcxproj", "{28F9E001-67E0-4200-B120-3021596689E9}"
EndProject
Project("{FAE04EC0-301F-11D3-BF4B-00C04F79EFBC}") = "QueryModuleClient", "QueryModuleClient\QueryModuleClient.csproj", "{02EF15C0-BA19-4115-BB7F-F5B04F7087FE}"
EndProject
Global
	GlobalSection(SolutionConfigurationPlatforms) = preSolution
		Debug|Any CPU = Debug|Any CPU
		Debug|ARM64 = Debug|ARM64
		Debug|x64 = Debug|x64
		Release|Any CPU = Release|Any CPU
		Release|ARM64 = Release|ARM64
		Release|x64 = Release|x64
	EndGlobalSection
	GlobalSection(ProjectConfigurationPlatforms) = postSolution
		{28F9E001-67E0-4200-B120-3021596689E9}.Debug|Any CPU.ActiveCfg = Debug|x64
		{28F9E001-67E0-4200-B120-3021596689E9}.Debug|Any CPU.Build.0 = Debug|x64
		{28F9E001-67E0-4200-B120-3021596689E9}.Debug|Any CPU.Deploy.0 = Debug|x64
		{28F9E001-67E0-4200-B120-3021596689E9}.Debug|ARM64.ActiveCfg = Debug|ARM64
		{28F9E001-67E0-4200-B120-3021596689E9}.Debug|ARM64.Build.0 = Debug|ARM64
		{28F9E001-67E0-4200-B120-3021596689E9}.Debug|ARM64.Deploy.0 = Debug|ARM64
		{28F9E001-67E0-4200-B120-3021596689E9}.Debug|x64.ActiveCfg = Debug|x64
		{28F9E001-67E0-4200-B120-3021596689E9}.Debug|x64.Build.0 = Debug|x64
		{28F9E001-67E0-4200-B120-3021596689E9}.Debug|x64.Deploy.0 = Debug|x64
		{28F9E001-67E0-4200-B120-3021596689E9}.Release|Any CPU.ActiveCfg = Release|x64
		{28F9E001-67E0-4200-B120-3021596689E9}.Release|Any CPU.Build.0 = Release|x64
		{28F9E001-67E0-4200-B120-3021596689E9}.Release|Any CPU.Deploy.0 = Release|x64
		{28F9E001-67E0-4200-B120-3021596689E9}.Release|ARM64.ActiveCfg = Release|ARM64
		{28F9E001-67E0-4200-B120-3021596689E9}.Release|ARM64.Build.0 = Release|ARM64
		{28F9E001-67E0-4200-B120-3021596689E9}.Release|ARM64.Deploy.0 = Release|ARM64
		{28F9E001-67E0-4200-B120-3021596689E9}.Release|x64.ActiveCfg = Release|x64
		{28F9E001-67E0-4200-B120-3021596689E9}.Release|x64.Build.0 = Release|x64
		{28F9E001-67E0-4200-B120-3021596689E9}.Release|x64.Deploy.0 = Release|x64
		{02EF15C0-BA19-4115-BB7F-F5B04F7087FE}.Debug|Any CPU.ActiveCfg = Debug|Any CPU
		{02EF15C0-BA19-4115-BB7F-F5B04F7087FE}.Debug|Any CPU.Build.0 = Debug|Any CPU
		{02EF15C0-BA19-4115-BB7F-F5B04F7087FE}.Debug|ARM64.ActiveCfg = Debug|Any CPU
		{02EF15C0-BA19-4115-BB7F-F5B04F7087FE}.Debug|ARM64.Build.0 = Debug|Any CPU
		{02EF15C0-BA19-4115-BB7F-F5B04F7087FE}.Debug|x64.ActiveCfg = Debug|Any CPU
		{02EF15C0-BA19-4115-BB7F-F5B04F7087FE}.Debug|x64.Build.0 = Debug|Any CPU
		{02EF15C0-BA19-4115-BB7F-F5B04F7087FE}.Release|Any CPU.ActiveCfg = Release|Any CPU
		{02EF15C0-BA19-4115-BB7F-F5B04F7087FE}.Release|Any CPU.Build.0 = Release|Any CPU
		{02EF15C0-BA19-4115-BB7F-F5B04F7087FE}.Release|ARM64.ActiveCfg = Release|Any CPU
		{02EF15C0-BA19-4115-BB7F-F5B04F7087FE}.Release|ARM64.Build.0 = Release|Any CPU
		{02EF15C0-BA19-4115-BB7F-F5B04F7087FE}.Release|x64.ActiveCfg = Release|Any CPU
		{02EF15C0-BA19-4115-BB7F-F5B04F7087FE}.Release|x64.Build.0 = Release|Any CPU
	EndGlobalSection
	GlobalSection(SolutionProperties) = preSolution
		HideSolutionNode = FALSE
	EndGlobalSection
	GlobalSection(ExtensibilityGlobals) = postSolution
		SolutionGuid = {1B733D13-9212-4D4B-B02C-74E239736F9F}
	EndGlobalSection
EndGlobal
