
Microsoft Visual Studio Solution File, Format Version 12.00
# Visual Studio Version 17
VisualStudioVersion = 17.8.34316.72
MinimumVisualStudioVersion = 10.0.40219.1
Project("{8BC9CEB8-8B4A-11D0-8D11-00A0C91BC942}") = "BlockImageLoadDrv", "BlockImageLoadDrv\BlockImageLoadDrv.vcxproj", "{8200C003-06AB-4882-9373-38A898DDB870}"
EndProject
Project("{8BC9CEB8-8B4A-11D0-8D11-00A0C91BC942}") = "TesterDrv", "TesterDrv\TesterDrv.vcxproj", "{713932C6-5866-44F3-8FF2-6798B477B1ED}"
EndProject
Global
	GlobalSection(SolutionConfigurationPlatforms) = preSolution
		Debug|ARM64 = Debug|ARM64
		Debug|x64 = Debug|x64
		Release|ARM64 = Release|ARM64
		Release|x64 = Release|x64
	EndGlobalSection
	GlobalSection(ProjectConfigurationPlatforms) = postSolution
		{8200C003-06AB-4882-9373-38A898DDB870}.Debug|ARM64.ActiveCfg = Debug|ARM64
		{8200C003-06AB-4882-9373-38A898DDB870}.Debug|ARM64.Build.0 = Debug|ARM64
		{8200C003-06AB-4882-9373-38A898DDB870}.Debug|ARM64.Deploy.0 = Debug|ARM64
		{8200C003-06AB-4882-9373-38A898DDB870}.Debug|x64.ActiveCfg = Debug|x64
		{8200C003-06AB-4882-9373-38A898DDB870}.Debug|x64.Build.0 = Debug|x64
		{8200C003-06AB-4882-9373-38A898DDB870}.Debug|x64.Deploy.0 = Debug|x64
		{8200C003-06AB-4882-9373-38A898DDB870}.Release|ARM64.ActiveCfg = Release|ARM64
		{8200C003-06AB-4882-9373-38A898DDB870}.Release|ARM64.Build.0 = Release|ARM64
		{8200C003-06AB-4882-9373-38A898DDB870}.Release|ARM64.Deploy.0 = Release|ARM64
		{8200C003-06AB-4882-9373-38A898DDB870}.Release|x64.ActiveCfg = Release|x64
		{8200C003-06AB-4882-9373-38A898DDB870}.Release|x64.Build.0 = Release|x64
		{8200C003-06AB-4882-9373-38A898DDB870}.Release|x64.Deploy.0 = Release|x64
		{713932C6-5866-44F3-8FF2-6798B477B1ED}.Debug|ARM64.ActiveCfg = Debug|ARM64
		{713932C6-5866-44F3-8FF2-6798B477B1ED}.Debug|ARM64.Build.0 = Debug|ARM64
		{713932C6-5866-44F3-8FF2-6798B477B1ED}.Debug|ARM64.Deploy.0 = Debug|ARM64
		{713932C6-5866-44F3-8FF2-6798B477B1ED}.Debug|x64.ActiveCfg = Debug|x64
		{713932C6-5866-44F3-8FF2-6798B477B1ED}.Debug|x64.Build.0 = Debug|x64
		{713932C6-5866-44F3-8FF2-6798B477B1ED}.Debug|x64.Deploy.0 = Debug|x64
		{713932C6-5866-44F3-8FF2-6798B477B1ED}.Release|ARM64.ActiveCfg = Release|ARM64
		{713932C6-5866-44F3-8FF2-6798B477B1ED}.Release|ARM64.Build.0 = Release|ARM64
		{713932C6-5866-44F3-8FF2-6798B477B1ED}.Release|ARM64.Deploy.0 = Release|ARM64
		{713932C6-5866-44F3-8FF2-6798B477B1ED}.Release|x64.ActiveCfg = Release|x64
		{713932C6-5866-44F3-8FF2-6798B477B1ED}.Release|x64.Build.0 = Release|x64
		{713932C6-5866-44F3-8FF2-6798B477B1ED}.Release|x64.Deploy.0 = Release|x64
	EndGlobalSection
	GlobalSection(SolutionProperties) = preSolution
		HideSolutionNode = FALSE
	EndGlobalSection
	GlobalSection(ExtensibilityGlobals) = postSolution
		SolutionGuid = {4B6467F2-EA02-4FB2-BC90-863B0EAC7079}
	EndGlobalSection
EndGlobal
