
Microsoft Visual Studio Solution File, Format Version 12.00
# Visual Studio Version 17
VisualStudioVersion = 17.8.34316.72
MinimumVisualStudioVersion = 10.0.40219.1
Project("{8BC9CEB8-8B4A-11D0-8D11-00A0C91BC942}") = "GetFullPrivsDrv", "GetFullPrivsDrv\GetFullPrivsDrv.vcxproj", "{1250BAE1-D26F-4EF2-9452-9B5009568336}"
EndProject
Project("{FAE04EC0-301F-11D3-BF4B-00C04F79EFBC}") = "GetFullPrivsClient", "GetFullPrivsClient\GetFullPrivsClient.csproj", "{3F0C3D9A-CFB8-4DB5-8419-1C28CBC8621D}"
EndProject
Global
	GlobalSection(SolutionConfigurationPlatforms) = preSolution
		Debug|Any CPU = Debug|Any CPU
		Debug|ARM64 = Debug|ARM64
		Debug|x64 = Debug|x64
		Release|Any CPU = Release|Any CPU
		Release|ARM64 = Release|ARM64
		Release|x64 = Release|x64
	EndGlobalSection
	GlobalSection(ProjectConfigurationPlatforms) = postSolution
		{1250BAE1-D26F-4EF2-9452-9B5009568336}.Debug|Any CPU.ActiveCfg = Debug|x64
		{1250BAE1-D26F-4EF2-9452-9B5009568336}.Debug|Any CPU.Build.0 = Debug|x64
		{1250BAE1-D26F-4EF2-9452-9B5009568336}.Debug|Any CPU.Deploy.0 = Debug|x64
		{1250BAE1-D26F-4EF2-9452-9B5009568336}.Debug|ARM64.ActiveCfg = Debug|ARM64
		{1250BAE1-D26F-4EF2-9452-9B5009568336}.Debug|ARM64.Build.0 = Debug|ARM64
		{1250BAE1-D26F-4EF2-9452-9B5009568336}.Debug|ARM64.Deploy.0 = Debug|ARM64
		{1250BAE1-D26F-4EF2-9452-9B5009568336}.Debug|x64.ActiveCfg = Debug|x64
		{1250BAE1-D26F-4EF2-9452-9B5009568336}.Debug|x64.Build.0 = Debug|x64
		{1250BAE1-D26F-4EF2-9452-9B5009568336}.Debug|x64.Deploy.0 = Debug|x64
		{1250BAE1-D26F-4EF2-9452-9B5009568336}.Release|Any CPU.ActiveCfg = Release|x64
		{1250BAE1-D26F-4EF2-9452-9B5009568336}.Release|Any CPU.Build.0 = Release|x64
		{1250BAE1-D26F-4EF2-9452-9B5009568336}.Release|Any CPU.Deploy.0 = Release|x64
		{1250BAE1-D26F-4EF2-9452-9B5009568336}.Release|ARM64.ActiveCfg = Release|ARM64
		{1250BAE1-D26F-4EF2-9452-9B5009568336}.Release|ARM64.Build.0 = Release|ARM64
		{1250BAE1-D26F-4EF2-9452-9B5009568336}.Release|ARM64.Deploy.0 = Release|ARM64
		{1250BAE1-D26F-4EF2-9452-9B5009568336}.Release|x64.ActiveCfg = Release|x64
		{1250BAE1-D26F-4EF2-9452-9B5009568336}.Release|x64.Build.0 = Release|x64
		{1250BAE1-D26F-4EF2-9452-9B5009568336}.Release|x64.Deploy.0 = Release|x64
		{3F0C3D9A-CFB8-4DB5-8419-1C28CBC8621D}.Debug|Any CPU.ActiveCfg = Debug|Any CPU
		{3F0C3D9A-CFB8-4DB5-8419-1C28CBC8621D}.Debug|Any CPU.Build.0 = Debug|Any CPU
		{3F0C3D9A-CFB8-4DB5-8419-1C28CBC8621D}.Debug|ARM64.ActiveCfg = Debug|Any CPU
		{3F0C3D9A-CFB8-4DB5-8419-1C28CBC8621D}.Debug|ARM64.Build.0 = Debug|Any CPU
		{3F0C3D9A-CFB8-4DB5-8419-1C28CBC8621D}.Debug|x64.ActiveCfg = Debug|Any CPU
		{3F0C3D9A-CFB8-4DB5-8419-1C28CBC8621D}.Debug|x64.Build.0 = Debug|Any CPU
		{3F0C3D9A-CFB8-4DB5-8419-1C28CBC8621D}.Release|Any CPU.ActiveCfg = Release|Any CPU
		{3F0C3D9A-CFB8-4DB5-8419-1C28CBC8621D}.Release|Any CPU.Build.0 = Release|Any CPU
		{3F0C3D9A-CFB8-4DB5-8419-1C28CBC8621D}.Release|ARM64.ActiveCfg = Release|Any CPU
		{3F0C3D9A-CFB8-4DB5-8419-1C28CBC8621D}.Release|ARM64.Build.0 = Release|Any CPU
		{3F0C3D9A-CFB8-4DB5-8419-1C28CBC8621D}.Release|x64.ActiveCfg = Release|Any CPU
		{3F0C3D9A-CFB8-4DB5-8419-1C28CBC8621D}.Release|x64.Build.0 = Release|Any CPU
	EndGlobalSection
	GlobalSection(SolutionProperties) = preSolution
		HideSolutionNode = FALSE
	EndGlobalSection
	GlobalSection(ExtensibilityGlobals) = postSolution
		SolutionGuid = {9647B066-9AAA-4862-869B-F838F464F49B}
	EndGlobalSection
EndGlobal
