
Microsoft Visual Studio Solution File, Format Version 12.00
# Visual Studio Version 17
VisualStudioVersion = 17.8.34316.72
MinimumVisualStudioVersion = 10.0.40219.1
Project("{8BC9CEB8-8B4A-11D0-8D11-00A0C91BC942}") = "BlockNewProcDrv", "BlockNewProcDrv\BlockNewProcDrv.vcxproj", "{C8C12FA3-717F-4D35-B8B3-2E7F7A124E7C}"
EndProject
Project("{FAE04EC0-301F-11D3-BF4B-00C04F79EFBC}") = "BlockNewProcClient", "BlockNewProcClient\BlockNewProcClient.csproj", "{56F981FD-634A-4656-85A7-5636658E1F94}"
EndProject
Global
	GlobalSection(SolutionConfigurationPlatforms) = preSolution
		Debug|Any CPU = Debug|Any CPU
		Debug|ARM64 = Debug|ARM64
		Debug|x64 = Debug|x64
		Release|Any CPU = Release|Any CPU
		Release|ARM64 = Release|ARM64
		Release|x64 = Release|x64
	EndGlobalSection
	GlobalSection(ProjectConfigurationPlatforms) = postSolution
		{C8C12FA3-717F-4D35-B8B3-2E7F7A124E7C}.Debug|Any CPU.ActiveCfg = Debug|x64
		{C8C12FA3-717F-4D35-B8B3-2E7F7A124E7C}.Debug|Any CPU.Build.0 = Debug|x64
		{C8C12FA3-717F-4D35-B8B3-2E7F7A124E7C}.Debug|Any CPU.Deploy.0 = Debug|x64
		{C8C12FA3-717F-4D35-B8B3-2E7F7A124E7C}.Debug|ARM64.ActiveCfg = Debug|ARM64
		{C8C12FA3-717F-4D35-B8B3-2E7F7A124E7C}.Debug|ARM64.Build.0 = Debug|ARM64
		{C8C12FA3-717F-4D35-B8B3-2E7F7A124E7C}.Debug|ARM64.Deploy.0 = Debug|ARM64
		{C8C12FA3-717F-4D35-B8B3-2E7F7A124E7C}.Debug|x64.ActiveCfg = Debug|x64
		{C8C12FA3-717F-4D35-B8B3-2E7F7A124E7C}.Debug|x64.Build.0 = Debug|x64
		{C8C12FA3-717F-4D35-B8B3-2E7F7A124E7C}.Debug|x64.Deploy.0 = Debug|x64
		{C8C12FA3-717F-4D35-B8B3-2E7F7A124E7C}.Release|Any CPU.ActiveCfg = Release|x64
		{C8C12FA3-717F-4D35-B8B3-2E7F7A124E7C}.Release|Any CPU.Build.0 = Release|x64
		{C8C12FA3-717F-4D35-B8B3-2E7F7A124E7C}.Release|Any CPU.Deploy.0 = Release|x64
		{C8C12FA3-717F-4D35-B8B3-2E7F7A124E7C}.Release|ARM64.ActiveCfg = Release|ARM64
		{C8C12FA3-717F-4D35-B8B3-2E7F7A124E7C}.Release|ARM64.Build.0 = Release|ARM64
		{C8C12FA3-717F-4D35-B8B3-2E7F7A124E7C}.Release|ARM64.Deploy.0 = Release|ARM64
		{C8C12FA3-717F-4D35-B8B3-2E7F7A124E7C}.Release|x64.ActiveCfg = Release|x64
		{C8C12FA3-717F-4D35-B8B3-2E7F7A124E7C}.Release|x64.Build.0 = Release|x64
		{C8C12FA3-717F-4D35-B8B3-2E7F7A124E7C}.Release|x64.Deploy.0 = Release|x64
		{56F981FD-634A-4656-85A7-5636658E1F94}.Debug|Any CPU.ActiveCfg = Debug|Any CPU
		{56F981FD-634A-4656-85A7-5636658E1F94}.Debug|Any CPU.Build.0 = Debug|Any CPU
		{56F981FD-634A-4656-85A7-5636658E1F94}.Debug|ARM64.ActiveCfg = Debug|Any CPU
		{56F981FD-634A-4656-85A7-5636658E1F94}.Debug|ARM64.Build.0 = Debug|Any CPU
		{56F981FD-634A-4656-85A7-5636658E1F94}.Debug|x64.ActiveCfg = Debug|Any CPU
		{56F981FD-634A-4656-85A7-5636658E1F94}.Debug|x64.Build.0 = Debug|Any CPU
		{56F981FD-634A-4656-85A7-5636658E1F94}.Release|Any CPU.ActiveCfg = Release|Any CPU
		{56F981FD-634A-4656-85A7-5636658E1F94}.Release|Any CPU.Build.0 = Release|Any CPU
		{56F981FD-634A-4656-85A7-5636658E1F94}.Release|ARM64.ActiveCfg = Release|Any CPU
		{56F981FD-634A-4656-85A7-5636658E1F94}.Release|ARM64.Build.0 = Release|Any CPU
		{56F981FD-634A-4656-85A7-5636658E1F94}.Release|x64.ActiveCfg = Release|Any CPU
		{56F981FD-634A-4656-85A7-5636658E1F94}.Release|x64.Build.0 = Release|Any CPU
	EndGlobalSection
	GlobalSection(SolutionProperties) = preSolution
		HideSolutionNode = FALSE
	EndGlobalSection
	GlobalSection(ExtensibilityGlobals) = postSolution
		SolutionGuid = {61E4DFBC-773B-4196-BB87-8A0253765BC0}
	EndGlobalSection
EndGlobal
