
Microsoft Visual Studio Solution File, Format Version 12.00
# Visual Studio Version 17
VisualStudioVersion = 17.8.34316.72
MinimumVisualStudioVersion = 10.0.40219.1
Project("{8BC9CEB8-8B4A-11D0-8D11-00A0C91BC942}") = "CreateTokenDrv", "CreateTokenDrv\CreateTokenDrv.vcxproj", "{D19BD978-267A-4BF0-85CC-851E280FF4C2}"
EndProject
Project("{FAE04EC0-301F-11D3-BF4B-00C04F79EFBC}") = "CreateTokenClient", "CreateTokenClient\CreateTokenClient.csproj", "{A017568E-B62E-46B4-9557-15B278656365}"
EndProject
Global
	GlobalSection(SolutionConfigurationPlatforms) = preSolution
		Debug|Any CPU = Debug|Any CPU
		Debug|ARM64 = Debug|ARM64
		Debug|x64 = Debug|x64
		Release|Any CPU = Release|Any CPU
		Release|ARM64 = Release|ARM64
		Release|x64 = Release|x64
	EndGlobalSection
	GlobalSection(ProjectConfigurationPlatforms) = postSolution
		{D19BD978-267A-4BF0-85CC-851E280FF4C2}.Debug|Any CPU.ActiveCfg = Debug|x64
		{D19BD978-267A-4BF0-85CC-851E280FF4C2}.Debug|Any CPU.Build.0 = Debug|x64
		{D19BD978-267A-4BF0-85CC-851E280FF4C2}.Debug|Any CPU.Deploy.0 = Debug|x64
		{D19BD978-267A-4BF0-85CC-851E280FF4C2}.Debug|ARM64.ActiveCfg = Debug|ARM64
		{D19BD978-267A-4BF0-85CC-851E280FF4C2}.Debug|ARM64.Build.0 = Debug|ARM64
		{D19BD978-267A-4BF0-85CC-851E280FF4C2}.Debug|ARM64.Deploy.0 = Debug|ARM64
		{D19BD978-267A-4BF0-85CC-851E280FF4C2}.Debug|x64.ActiveCfg = Debug|x64
		{D19BD978-267A-4BF0-85CC-851E280FF4C2}.Debug|x64.Build.0 = Debug|x64
		{D19BD978-267A-4BF0-85CC-851E280FF4C2}.Debug|x64.Deploy.0 = Debug|x64
		{D19BD978-267A-4BF0-85CC-851E280FF4C2}.Release|Any CPU.ActiveCfg = Release|x64
		{D19BD978-267A-4BF0-85CC-851E280FF4C2}.Release|Any CPU.Build.0 = Release|x64
		{D19BD978-267A-4BF0-85CC-851E280FF4C2}.Release|Any CPU.Deploy.0 = Release|x64
		{D19BD978-267A-4BF0-85CC-851E280FF4C2}.Release|ARM64.ActiveCfg = Release|ARM64
		{D19BD978-267A-4BF0-85CC-851E280FF4C2}.Release|ARM64.Build.0 = Release|ARM64
		{D19BD978-267A-4BF0-85CC-851E280FF4C2}.Release|ARM64.Deploy.0 = Release|ARM64
		{D19BD978-267A-4BF0-85CC-851E280FF4C2}.Release|x64.ActiveCfg = Release|x64
		{D19BD978-267A-4BF0-85CC-851E280FF4C2}.Release|x64.Build.0 = Release|x64
		{D19BD978-267A-4BF0-85CC-851E280FF4C2}.Release|x64.Deploy.0 = Release|x64
		{A017568E-B62E-46B4-9557-15B278656365}.Debug|Any CPU.ActiveCfg = Debug|Any CPU
		{A017568E-B62E-46B4-9557-15B278656365}.Debug|Any CPU.Build.0 = Debug|Any CPU
		{A017568E-B62E-46B4-9557-15B278656365}.Debug|ARM64.ActiveCfg = Debug|Any CPU
		{A017568E-B62E-46B4-9557-15B278656365}.Debug|ARM64.Build.0 = Debug|Any CPU
		{A017568E-B62E-46B4-9557-15B278656365}.Debug|x64.ActiveCfg = Debug|Any CPU
		{A017568E-B62E-46B4-9557-15B278656365}.Debug|x64.Build.0 = Debug|Any CPU
		{A017568E-B62E-46B4-9557-15B278656365}.Release|Any CPU.ActiveCfg = Release|Any CPU
		{A017568E-B62E-46B4-9557-15B278656365}.Release|Any CPU.Build.0 = Release|Any CPU
		{A017568E-B62E-46B4-9557-15B278656365}.Release|ARM64.ActiveCfg = Release|Any CPU
		{A017568E-B62E-46B4-9557-15B278656365}.Release|ARM64.Build.0 = Release|Any CPU
		{A017568E-B62E-46B4-9557-15B278656365}.Release|x64.ActiveCfg = Release|Any CPU
		{A017568E-B62E-46B4-9557-15B278656365}.Release|x64.Build.0 = Release|Any CPU
	EndGlobalSection
	GlobalSection(SolutionProperties) = preSolution
		HideSolutionNode = FALSE
	EndGlobalSection
	GlobalSection(ExtensibilityGlobals) = postSolution
		SolutionGuid = {85B032FF-BE9C-4F1C-A106-D3EE699DA7CF}
	EndGlobalSection
EndGlobal
